
Microsoft Visual Studio Solution File, Format Version 12.00
# Visual Studio Version 16
VisualStudioVersion = 16.0.31613.86
MinimumVisualStudioVersion = 10.0.40219.1
Project("{FAE04EC0-301F-11D3-BF4B-00C04F79EFBC}") = "WebApplication5", "WebApplication5\WebApplication5.csproj", "{993BD342-62BB-40DA-851B-6FD16CAB5813}"
EndProject
Project("{FAE04EC0-301F-11D3-BF4B-00C04F79EFBC}") = "TestProject1", "TestProject1\TestProject1.csproj", "{A910E407-9803-4B01-A6DA-9A23925D11CF}"
EndProject
Global
	GlobalSection(SolutionConfigurationPlatforms) = preSolution
		Debug|Any CPU = Debug|Any CPU
		Release|Any CPU = Release|Any CPU
	EndGlobalSection
	GlobalSection(ProjectConfigurationPlatforms) = postSolution
		{993BD342-62BB-40DA-851B-6FD16CAB5813}.Debug|Any CPU.ActiveCfg = Debug|Any CPU
		{993BD342-62BB-40DA-851B-6FD16CAB5813}.Debug|Any CPU.Build.0 = Debug|Any CPU
		{993BD342-62BB-40DA-851B-6FD16CAB5813}.Release|Any CPU.ActiveCfg = Release|Any CPU
		{993BD342-62BB-40DA-851B-6FD16CAB5813}.Release|Any CPU.Build.0 = Release|Any CPU
		{A910E407-9803-4B01-A6DA-9A23925D11CF}.Debug|Any CPU.ActiveCfg = Debug|Any CPU
		{A910E407-9803-4B01-A6DA-9A23925D11CF}.Debug|Any CPU.Build.0 = Debug|Any CPU
		{A910E407-9803-4B01-A6DA-9A23925D11CF}.Release|Any CPU.ActiveCfg = Release|Any CPU
		{A910E407-9803-4B01-A6DA-9A23925D11CF}.Release|Any CPU.Build.0 = Release|Any CPU
	EndGlobalSection
	GlobalSection(SolutionProperties) = preSolution
		HideSolutionNode = FALSE
	EndGlobalSection
	GlobalSection(ExtensibilityGlobals) = postSolution
		SolutionGuid = {4A9B3A3D-A8F9-4754-96A7-768752EE62A7}
	EndGlobalSection
EndGlobal
